
Microsoft Visual Studio Solution File, Format Version 12.00
# Visual Studio 15
VisualStudioVersion = 15.0.27004.2010
MinimumVisualStudioVersion = 10.0.40219.1
Project("{9A19103F-16F7-4668-BE54-9A1E7A4F7556}") = "DevCon.Events", "DevCon.Events\DevCon.Events.csproj", "{8A4E057F-D057-4119-B536-5F076F4410AD}"
EndProject
Project("{9A19103F-16F7-4668-BE54-9A1E7A4F7556}") = "DevCon.Query.Services", "DevCon.Query.Services\DevCon.Query.Services.csproj", "{6D8F6912-A67A-46EF-8665-2A5684A3461F}"
EndProject
Project("{9A19103F-16F7-4668-BE54-9A1E7A4F7556}") = "DevCon.Command.Services", "DevCon.Command.Services\DevCon.Command.Services.csproj", "{84741761-D505-4B79-8563-3E1E4B463E2A}"
EndProject
Project("{9A19103F-16F7-4668-BE54-9A1E7A4F7556}") = "DevCon.Api", "DevCon.Api\DevCon.Api.csproj", "{B1949D0C-9264-4542-8E5D-E971167D2FAB}"
EndProject
Global
	GlobalSection(SolutionConfigurationPlatforms) = preSolution
		Debug|Any CPU = Debug|Any CPU
		Release|Any CPU = Release|Any CPU
	EndGlobalSection
	GlobalSection(ProjectConfigurationPlatforms) = postSolution
		{8A4E057F-D057-4119-B536-5F076F4410AD}.Debug|Any CPU.ActiveCfg = Debug|Any CPU
		{8A4E057F-D057-4119-B536-5F076F4410AD}.Debug|Any CPU.Build.0 = Debug|Any CPU
		{8A4E057F-D057-4119-B536-5F076F4410AD}.Release|Any CPU.ActiveCfg = Release|Any CPU
		{8A4E057F-D057-4119-B536-5F076F4410AD}.Release|Any CPU.Build.0 = Release|Any CPU
		{6D8F6912-A67A-46EF-8665-2A5684A3461F}.Debug|Any CPU.ActiveCfg = Debug|Any CPU
		{6D8F6912-A67A-46EF-8665-2A5684A3461F}.Debug|Any CPU.Build.0 = Debug|Any CPU
		{6D8F6912-A67A-46EF-8665-2A5684A3461F}.Release|Any CPU.ActiveCfg = Release|Any CPU
		{6D8F6912-A67A-46EF-8665-2A5684A3461F}.Release|Any CPU.Build.0 = Release|Any CPU
		{84741761-D505-4B79-8563-3E1E4B463E2A}.Debug|Any CPU.ActiveCfg = Debug|Any CPU
		{84741761-D505-4B79-8563-3E1E4B463E2A}.Debug|Any CPU.Build.0 = Debug|Any CPU
		{84741761-D505-4B79-8563-3E1E4B463E2A}.Release|Any CPU.ActiveCfg = Release|Any CPU
		{84741761-D505-4B79-8563-3E1E4B463E2A}.Release|Any CPU.Build.0 = Release|Any CPU
		{B1949D0C-9264-4542-8E5D-E971167D2FAB}.Debug|Any CPU.ActiveCfg = Debug|Any CPU
		{B1949D0C-9264-4542-8E5D-E971167D2FAB}.Debug|Any CPU.Build.0 = Debug|Any CPU
		{B1949D0C-9264-4542-8E5D-E971167D2FAB}.Release|Any CPU.ActiveCfg = Release|Any CPU
		{B1949D0C-9264-4542-8E5D-E971167D2FAB}.Release|Any CPU.Build.0 = Release|Any CPU
	EndGlobalSection
	GlobalSection(SolutionProperties) = preSolution
		HideSolutionNode = FALSE
	EndGlobalSection
	GlobalSection(ExtensibilityGlobals) = postSolution
		SolutionGuid = {417B8A60-D776-4880-81AE-3CA047A7208B}
	EndGlobalSection
EndGlobal
